// !$*UTF8*$!
{
	archiveVersion = 1;
	classes = {
	};
	objectVersion = 56;
	objects = {

/* Begin PBXBuildFile section */
		D78D06EE2B86C8F0009F12D4 /* TouchdownApp.swift in Sources */ = {isa = PBXBuildFile; fileRef = D78D06ED2B86C8F0009F12D4 /* TouchdownApp.swift */; };
		D78D06F02B86C8F0009F12D4 /* ContentView.swift in Sources */ = {isa = PBXBuildFile; fileRef = D78D06EF2B86C8F0009F12D4 /* ContentView.swift */; };
		D78D06F22B86C8F2009F12D4 /* Assets.xcassets in Resources */ = {isa = PBXBuildFile; fileRef = D78D06F12B86C8F2009F12D4 /* Assets.xcassets */; };
		D78D06F52B86C8F2009F12D4 /* Preview Assets.xcassets in Resources */ = {isa = PBXBuildFile; fileRef = D78D06F42B86C8F2009F12D4 /* Preview Assets.xcassets */; };
		D78D07072B86CEE7009F12D4 /* Constant.swift in Sources */ = {isa = PBXBuildFile; fileRef = D78D07062B86CEE7009F12D4 /* Constant.swift */; };
		D78D07092B86D029009F12D4 /* FooterView.swift in Sources */ = {isa = PBXBuildFile; fileRef = D78D07082B86D029009F12D4 /* FooterView.swift */; };
		D78D070B2B86D672009F12D4 /* NavigationBarView.swift in Sources */ = {isa = PBXBuildFile; fileRef = D78D070A2B86D672009F12D4 /* NavigationBarView.swift */; };
		D78D070D2B86D7F0009F12D4 /* LogoView.swift in Sources */ = {isa = PBXBuildFile; fileRef = D78D070C2B86D7F0009F12D4 /* LogoView.swift */; };
		D78D070F2B86DEA1009F12D4 /* PlayerModel.swift in Sources */ = {isa = PBXBuildFile; fileRef = D78D070E2B86DEA1009F12D4 /* PlayerModel.swift */; };
		D78D07112B86DEEA009F12D4 /* CodableBoundleExtension.swift in Sources */ = {isa = PBXBuildFile; fileRef = D78D07102B86DEEA009F12D4 /* CodableBoundleExtension.swift */; };
		D78D07132B86E09E009F12D4 /* FeaturedItemView.swift in Sources */ = {isa = PBXBuildFile; fileRef = D78D07122B86E09E009F12D4 /* FeaturedItemView.swift */; };
		D78D07192B86E30F009F12D4 /* player.json in Resources */ = {isa = PBXBuildFile; fileRef = D78D07152B86E30F009F12D4 /* player.json */; };
		D78D071A2B86E30F009F12D4 /* brand.json in Resources */ = {isa = PBXBuildFile; fileRef = D78D07162B86E30F009F12D4 /* brand.json */; };
		D78D071B2B86E30F009F12D4 /* category.json in Resources */ = {isa = PBXBuildFile; fileRef = D78D07172B86E30F009F12D4 /* category.json */; };
		D78D071C2B86E30F009F12D4 /* product.json in Resources */ = {isa = PBXBuildFile; fileRef = D78D07182B86E30F009F12D4 /* product.json */; };
		D78D071E2B86E3A3009F12D4 /* FeaturedTabView.swift in Sources */ = {isa = PBXBuildFile; fileRef = D78D071D2B86E3A3009F12D4 /* FeaturedTabView.swift */; };
		D7D3B6092B8AA86D00323035 /* CustomShape.swift in Sources */ = {isa = PBXBuildFile; fileRef = D7D3B6082B8AA86D00323035 /* CustomShape.swift */; };
		D7D3B60B2B8AAA7D00323035 /* RatingsSizesDetailView.swift in Sources */ = {isa = PBXBuildFile; fileRef = D7D3B60A2B8AAA7D00323035 /* RatingsSizesDetailView.swift */; };
		D7D3B60D2B8AB3AF00323035 /* QuantityFavouriteDeatilView.swift in Sources */ = {isa = PBXBuildFile; fileRef = D7D3B60C2B8AB3AF00323035 /* QuantityFavouriteDeatilView.swift */; };
		D7D3B60F2B8AB63300323035 /* AddToCartDetailView.swift in Sources */ = {isa = PBXBuildFile; fileRef = D7D3B60E2B8AB63300323035 /* AddToCartDetailView.swift */; };
		D7D3B6112B8AB95400323035 /* Shop.swift in Sources */ = {isa = PBXBuildFile; fileRef = D7D3B6102B8AB95400323035 /* Shop.swift */; };
		D7E2E1B42B897BA3002BB3B3 /* CategoryModel.swift in Sources */ = {isa = PBXBuildFile; fileRef = D7E2E1B32B897BA3002BB3B3 /* CategoryModel.swift */; };
		D7E2E1B62B897D25002BB3B3 /* CategoryItemView.swift in Sources */ = {isa = PBXBuildFile; fileRef = D7E2E1B52B897D25002BB3B3 /* CategoryItemView.swift */; };
		D7E2E1B82B897F5B002BB3B3 /* CategoryGridView.swift in Sources */ = {isa = PBXBuildFile; fileRef = D7E2E1B72B897F5B002BB3B3 /* CategoryGridView.swift */; };
		D7E2E1BA2B898102002BB3B3 /* SectionView.swift in Sources */ = {isa = PBXBuildFile; fileRef = D7E2E1B92B898102002BB3B3 /* SectionView.swift */; };
		D7E2E1BC2B898387002BB3B3 /* TitleView.swift in Sources */ = {isa = PBXBuildFile; fileRef = D7E2E1BB2B898386002BB3B3 /* TitleView.swift */; };
		D7E2E1BE2B8985D2002BB3B3 /* ProductModel.swift in Sources */ = {isa = PBXBuildFile; fileRef = D7E2E1BD2B8985D2002BB3B3 /* ProductModel.swift */; };
		D7E2E1C02B898A28002BB3B3 /* ProductItemView.swift in Sources */ = {isa = PBXBuildFile; fileRef = D7E2E1BF2B898A28002BB3B3 /* ProductItemView.swift */; };
		D7E2E1C22B898E4E002BB3B3 /* BrandModel.swift in Sources */ = {isa = PBXBuildFile; fileRef = D7E2E1C12B898E4E002BB3B3 /* BrandModel.swift */; };
		D7E2E1C42B898EA7002BB3B3 /* BrandItemView.swift in Sources */ = {isa = PBXBuildFile; fileRef = D7E2E1C32B898EA7002BB3B3 /* BrandItemView.swift */; };
		D7E2E1C62B898FB9002BB3B3 /* BrandGridView.swift in Sources */ = {isa = PBXBuildFile; fileRef = D7E2E1C52B898FB9002BB3B3 /* BrandGridView.swift */; };
		D7E2E1C82B8991BC002BB3B3 /* ProductDetailView.swift in Sources */ = {isa = PBXBuildFile; fileRef = D7E2E1C72B8991BC002BB3B3 /* ProductDetailView.swift */; };
		D7E2E1CA2B8992B6002BB3B3 /* NavigationBarDetailView.swift in Sources */ = {isa = PBXBuildFile; fileRef = D7E2E1C92B8992B6002BB3B3 /* NavigationBarDetailView.swift */; };
		D7E2E1CC2B8993C6002BB3B3 /* HeaderDetailView.swift in Sources */ = {isa = PBXBuildFile; fileRef = D7E2E1CB2B8993C6002BB3B3 /* HeaderDetailView.swift */; };
		D7E2E1CE2B899512002BB3B3 /* TopPartDetailView.swift in Sources */ = {isa = PBXBuildFile; fileRef = D7E2E1CD2B899512002BB3B3 /* TopPartDetailView.swift */; };
/* End PBXBuildFile section */

/* Begin PBXFileReference section */
		D78D06EA2B86C8F0009F12D4 /* Touchdown.app */ = {isa = PBXFileReference; explicitFileType = wrapper.application; includeInIndex = 0; path = Touchdown.app; sourceTree = BUILT_PRODUCTS_DIR; };
		D78D06ED2B86C8F0009F12D4 /* TouchdownApp.swift */ = {isa = PBXFileReference; lastKnownFileType = sourcecode.swift; path = TouchdownApp.swift; sourceTree = "<group>"; };
		D78D06EF2B86C8F0009F12D4 /* ContentView.swift */ = {isa = PBXFileReference; lastKnownFileType = sourcecode.swift; path = ContentView.swift; sourceTree = "<group>"; };
		D78D06F12B86C8F2009F12D4 /* Assets.xcassets */ = {isa = PBXFileReference; lastKnownFileType = folder.assetcatalog; path = Assets.xcassets; sourceTree = "<group>"; };
		D78D06F42B86C8F2009F12D4 /* Preview Assets.xcassets */ = {isa = PBXFileReference; lastKnownFileType = folder.assetcatalog; path = "Preview Assets.xcassets"; sourceTree = "<group>"; };
		D78D06FD2B86CBAF009F12D4 /* Info.plist */ = {isa = PBXFileReference; lastKnownFileType = text.plist; path = Info.plist; sourceTree = "<group>"; };
		D78D07062B86CEE7009F12D4 /* Constant.swift */ = {isa = PBXFileReference; lastKnownFileType = sourcecode.swift; path = Constant.swift; sourceTree = "<group>"; };
		D78D07082B86D029009F12D4 /* FooterView.swift */ = {isa = PBXFileReference; lastKnownFileType = sourcecode.swift; path = FooterView.swift; sourceTree = "<group>"; };
		D78D070A2B86D672009F12D4 /* NavigationBarView.swift */ = {isa = PBXFileReference; lastKnownFileType = sourcecode.swift; path = NavigationBarView.swift; sourceTree = "<group>"; };
		D78D070C2B86D7F0009F12D4 /* LogoView.swift */ = {isa = PBXFileReference; lastKnownFileType = sourcecode.swift; path = LogoView.swift; sourceTree = "<group>"; };
		D78D070E2B86DEA1009F12D4 /* PlayerModel.swift */ = {isa = PBXFileReference; lastKnownFileType = sourcecode.swift; path = PlayerModel.swift; sourceTree = "<group>"; };
		D78D07102B86DEEA009F12D4 /* CodableBoundleExtension.swift */ = {isa = PBXFileReference; lastKnownFileType = sourcecode.swift; path = CodableBoundleExtension.swift; sourceTree = "<group>"; };
		D78D07122B86E09E009F12D4 /* FeaturedItemView.swift */ = {isa = PBXFileReference; lastKnownFileType = sourcecode.swift; path = FeaturedItemView.swift; sourceTree = "<group>"; };
		D78D07152B86E30F009F12D4 /* player.json */ = {isa = PBXFileReference; fileEncoding = 4; lastKnownFileType = text.json; path = player.json; sourceTree = "<group>"; };
		D78D07162B86E30F009F12D4 /* brand.json */ = {isa = PBXFileReference; fileEncoding = 4; lastKnownFileType = text.json; path = brand.json; sourceTree = "<group>"; };
		D78D07172B86E30F009F12D4 /* category.json */ = {isa = PBXFileReference; fileEncoding = 4; lastKnownFileType = text.json; path = category.json; sourceTree = "<group>"; };
		D78D07182B86E30F009F12D4 /* product.json */ = {isa = PBXFileReference; fileEncoding = 4; lastKnownFileType = text.json; path = product.json; sourceTree = "<group>"; };
		D78D071D2B86E3A3009F12D4 /* FeaturedTabView.swift */ = {isa = PBXFileReference; lastKnownFileType = sourcecode.swift; path = FeaturedTabView.swift; sourceTree = "<group>"; };
		D7D3B6082B8AA86D00323035 /* CustomShape.swift */ = {isa = PBXFileReference; lastKnownFileType = sourcecode.swift; path = CustomShape.swift; sourceTree = "<group>"; };
		D7D3B60A2B8AAA7D00323035 /* RatingsSizesDetailView.swift */ = {isa = PBXFileReference; lastKnownFileType = sourcecode.swift; path = RatingsSizesDetailView.swift; sourceTree = "<group>"; };
		D7D3B60C2B8AB3AF00323035 /* QuantityFavouriteDeatilView.swift */ = {isa = PBXFileReference; lastKnownFileType = sourcecode.swift; path = QuantityFavouriteDeatilView.swift; sourceTree = "<group>"; };
		D7D3B60E2B8AB63300323035 /* AddToCartDetailView.swift */ = {isa = PBXFileReference; lastKnownFileType = sourcecode.swift; path = AddToCartDetailView.swift; sourceTree = "<group>"; };
		D7D3B6102B8AB95400323035 /* Shop.swift */ = {isa = PBXFileReference; lastKnownFileType = sourcecode.swift; path = Shop.swift; sourceTree = "<group>"; };
		D7E2E1B32B897BA3002BB3B3 /* CategoryModel.swift */ = {isa = PBXFileReference; lastKnownFileType = sourcecode.swift; path = CategoryModel.swift; sourceTree = "<group>"; };
		D7E2E1B52B897D25002BB3B3 /* CategoryItemView.swift */ = {isa = PBXFileReference; lastKnownFileType = sourcecode.swift; path = CategoryItemView.swift; sourceTree = "<group>"; };
		D7E2E1B72B897F5B002BB3B3 /* CategoryGridView.swift */ = {isa = PBXFileReference; lastKnownFileType = sourcecode.swift; path = CategoryGridView.swift; sourceTree = "<group>"; };
		D7E2E1B92B898102002BB3B3 /* SectionView.swift */ = {isa = PBXFileReference; lastKnownFileType = sourcecode.swift; path = SectionView.swift; sourceTree = "<group>"; };
		D7E2E1BB2B898386002BB3B3 /* TitleView.swift */ = {isa = PBXFileReference; lastKnownFileType = sourcecode.swift; path = TitleView.swift; sourceTree = "<group>"; };
		D7E2E1BD2B8985D2002BB3B3 /* ProductModel.swift */ = {isa = PBXFileReference; lastKnownFileType = sourcecode.swift; path = ProductModel.swift; sourceTree = "<group>"; };
		D7E2E1BF2B898A28002BB3B3 /* ProductItemView.swift */ = {isa = PBXFileReference; lastKnownFileType = sourcecode.swift; path = ProductItemView.swift; sourceTree = "<group>"; };
		D7E2E1C12B898E4E002BB3B3 /* BrandModel.swift */ = {isa = PBXFileReference; lastKnownFileType = sourcecode.swift; path = BrandModel.swift; sourceTree = "<group>"; };
		D7E2E1C32B898EA7002BB3B3 /* BrandItemView.swift */ = {isa = PBXFileReference; lastKnownFileType = sourcecode.swift; path = BrandItemView.swift; sourceTree = "<group>"; };
		D7E2E1C52B898FB9002BB3B3 /* BrandGridView.swift */ = {isa = PBXFileReference; lastKnownFileType = sourcecode.swift; path = BrandGridView.swift; sourceTree = "<group>"; };
		D7E2E1C72B8991BC002BB3B3 /* ProductDetailView.swift */ = {isa = PBXFileReference; lastKnownFileType = sourcecode.swift; path = ProductDetailView.swift; sourceTree = "<group>"; };
		D7E2E1C92B8992B6002BB3B3 /* NavigationBarDetailView.swift */ = {isa = PBXFileReference; lastKnownFileType = sourcecode.swift; path = NavigationBarDetailView.swift; sourceTree = "<group>"; };
		D7E2E1CB2B8993C6002BB3B3 /* HeaderDetailView.swift */ = {isa = PBXFileReference; lastKnownFileType = sourcecode.swift; path = HeaderDetailView.swift; sourceTree = "<group>"; };
		D7E2E1CD2B899512002BB3B3 /* TopPartDetailView.swift */ = {isa = PBXFileReference; lastKnownFileType = sourcecode.swift; path = TopPartDetailView.swift; sourceTree = "<group>"; };
/* End PBXFileReference section */

/* Begin PBXFrameworksBuildPhase section */
		D78D06E72B86C8F0009F12D4 /* Frameworks */ = {
			isa = PBXFrameworksBuildPhase;
			buildActionMask = 2147483647;
			files = (
			);
			runOnlyForDeploymentPostprocessing = 0;
		};
/* End PBXFrameworksBuildPhase section */

/* Begin PBXGroup section */
		D78D06E12B86C8F0009F12D4 = {
			isa = PBXGroup;
			children = (
				D78D06EC2B86C8F0009F12D4 /* Touchdown */,
				D78D06EB2B86C8F0009F12D4 /* Products */,
			);
			sourceTree = "<group>";
		};
		D78D06EB2B86C8F0009F12D4 /* Products */ = {
			isa = PBXGroup;
			children = (
				D78D06EA2B86C8F0009F12D4 /* Touchdown.app */,
			);
			name = Products;
			sourceTree = "<group>";
		};
		D78D06EC2B86C8F0009F12D4 /* Touchdown */ = {
			isa = PBXGroup;
			children = (
				D78D07142B86E2FA009F12D4 /* Data */,
				D78D06FE2B86CE17009F12D4 /* App */,
				D78D07032B86CE89009F12D4 /* Model */,
				D78D06FF2B86CE35009F12D4 /* View */,
				D78D06FD2B86CBAF009F12D4 /* Info.plist */,
				D78D07042B86CE93009F12D4 /* Extension */,
				D78D07052B86CE9E009F12D4 /* Helper */,
				D78D06F12B86C8F2009F12D4 /* Assets.xcassets */,
				D78D06F32B86C8F2009F12D4 /* Preview Content */,
			);
			path = Touchdown;
			sourceTree = "<group>";
		};
		D78D06F32B86C8F2009F12D4 /* Preview Content */ = {
			isa = PBXGroup;
			children = (
				D78D06F42B86C8F2009F12D4 /* Preview Assets.xcassets */,
			);
			path = "Preview Content";
			sourceTree = "<group>";
		};
		D78D06FE2B86CE17009F12D4 /* App */ = {
			isa = PBXGroup;
			children = (
				D78D06EF2B86C8F0009F12D4 /* ContentView.swift */,
				D78D06ED2B86C8F0009F12D4 /* TouchdownApp.swift */,
				D7E2E1C72B8991BC002BB3B3 /* ProductDetailView.swift */,
			);
			path = App;
			sourceTree = "<group>";
		};
		D78D06FF2B86CE35009F12D4 /* View */ = {
			isa = PBXGroup;
			children = (
				D78D07022B86CE65009F12D4 /* Detail */,
				D78D07002B86CE3D009F12D4 /* Home */,
			);
			path = View;
			sourceTree = "<group>";
		};
		D78D07002B86CE3D009F12D4 /* Home */ = {
			isa = PBXGroup;
			children = (
				D78D070A2B86D672009F12D4 /* NavigationBarView.swift */,
				D78D07082B86D029009F12D4 /* FooterView.swift */,
				D78D070C2B86D7F0009F12D4 /* LogoView.swift */,
				D78D07122B86E09E009F12D4 /* FeaturedItemView.swift */,
				D78D071D2B86E3A3009F12D4 /* FeaturedTabView.swift */,
				D7E2E1B52B897D25002BB3B3 /* CategoryItemView.swift */,
				D7E2E1B72B897F5B002BB3B3 /* CategoryGridView.swift */,
				D7E2E1B92B898102002BB3B3 /* SectionView.swift */,
				D7E2E1BB2B898386002BB3B3 /* TitleView.swift */,
				D7E2E1BF2B898A28002BB3B3 /* ProductItemView.swift */,
				D7E2E1C32B898EA7002BB3B3 /* BrandItemView.swift */,
				D7E2E1C52B898FB9002BB3B3 /* BrandGridView.swift */,
			);
			path = Home;
			sourceTree = "<group>";
		};
		D78D07022B86CE65009F12D4 /* Detail */ = {
			isa = PBXGroup;
			children = (
				D7E2E1C92B8992B6002BB3B3 /* NavigationBarDetailView.swift */,
				D7E2E1CB2B8993C6002BB3B3 /* HeaderDetailView.swift */,
				D7E2E1CD2B899512002BB3B3 /* TopPartDetailView.swift */,
				D7D3B60A2B8AAA7D00323035 /* RatingsSizesDetailView.swift */,
				D7D3B60C2B8AB3AF00323035 /* QuantityFavouriteDeatilView.swift */,
				D7D3B60E2B8AB63300323035 /* AddToCartDetailView.swift */,
			);
			path = Detail;
			sourceTree = "<group>";
		};
		D78D07032B86CE89009F12D4 /* Model */ = {
			isa = PBXGroup;
			children = (
				D78D070E2B86DEA1009F12D4 /* PlayerModel.swift */,
				D7E2E1B32B897BA3002BB3B3 /* CategoryModel.swift */,
				D7E2E1BD2B8985D2002BB3B3 /* ProductModel.swift */,
				D7E2E1C12B898E4E002BB3B3 /* BrandModel.swift */,
			);
			path = Model;
			sourceTree = "<group>";
		};
		D78D07042B86CE93009F12D4 /* Extension */ = {
			isa = PBXGroup;
			children = (
				D78D07102B86DEEA009F12D4 /* CodableBoundleExtension.swift */,
			);
			path = Extension;
			sourceTree = "<group>";
		};
		D78D07052B86CE9E009F12D4 /* Helper */ = {
			isa = PBXGroup;
			children = (
				D78D07062B86CEE7009F12D4 /* Constant.swift */,
				D7D3B6082B8AA86D00323035 /* CustomShape.swift */,
				D7D3B6102B8AB95400323035 /* Shop.swift */,
			);
			path = Helper;
			sourceTree = "<group>";
		};
		D78D07142B86E2FA009F12D4 /* Data */ = {
			isa = PBXGroup;
			children = (
				D78D07162B86E30F009F12D4 /* brand.json */,
				D78D07172B86E30F009F12D4 /* category.json */,
				D78D07152B86E30F009F12D4 /* player.json */,
				D78D07182B86E30F009F12D4 /* product.json */,
			);
			path = Data;
			sourceTree = "<group>";
		};
/* End PBXGroup section */

/* Begin PBXNativeTarget section */
		D78D06E92B86C8F0009F12D4 /* Touchdown */ = {
			isa = PBXNativeTarget;
			buildConfigurationList = D78D06F82B86C8F2009F12D4 /* Build configuration list for PBXNativeTarget "Touchdown" */;
			buildPhases = (
				D78D06E62B86C8F0009F12D4 /* Sources */,
				D78D06E72B86C8F0009F12D4 /* Frameworks */,
				D78D06E82B86C8F0009F12D4 /* Resources */,
			);
			buildRules = (
			);
			dependencies = (
			);
			name = Touchdown;
			productName = Touchdown;
			productReference = D78D06EA2B86C8F0009F12D4 /* Touchdown.app */;
			productType = "com.apple.product-type.application";
		};
/* End PBXNativeTarget section */

/* Begin PBXProject section */
		D78D06E22B86C8F0009F12D4 /* Project object */ = {
			isa = PBXProject;
			attributes = {
				BuildIndependentTargetsInParallel = 1;
				LastSwiftUpdateCheck = 1510;
				LastUpgradeCheck = 1510;
				TargetAttributes = {
					D78D06E92B86C8F0009F12D4 = {
						CreatedOnToolsVersion = 15.1;
					};
				};
			};
			buildConfigurationList = D78D06E52B86C8F0009F12D4 /* Build configuration list for PBXProject "Touchdown" */;
			compatibilityVersion = "Xcode 14.0";
			developmentRegion = en;
			hasScannedForEncodings = 0;
			knownRegions = (
				en,
				Base,
			);
			mainGroup = D78D06E12B86C8F0009F12D4;
			productRefGroup = D78D06EB2B86C8F0009F12D4 /* Products */;
			projectDirPath = "";
			projectRoot = "";
			targets = (
				D78D06E92B86C8F0009F12D4 /* Touchdown */,
			);
		};
/* End PBXProject section */

/* Begin PBXResourcesBuildPhase section */
		D78D06E82B86C8F0009F12D4 /* Resources */ = {
			isa = PBXResourcesBuildPhase;
			buildActionMask = 2147483647;
			files = (
				D78D07192B86E30F009F12D4 /* player.json in Resources */,
				D78D071A2B86E30F009F12D4 /* brand.json in Resources */,
				D78D06F52B86C8F2009F12D4 /* Preview Assets.xcassets in Resources */,
				D78D071B2B86E30F009F12D4 /* category.json in Resources */,
				D78D06F22B86C8F2009F12D4 /* Assets.xcassets in Resources */,
				D78D071C2B86E30F009F12D4 /* product.json in Resources */,
			);
			runOnlyForDeploymentPostprocessing = 0;
		};
/* End PBXResourcesBuildPhase section */

/* Begin PBXSourcesBuildPhase section */
		D78D06E62B86C8F0009F12D4 /* Sources */ = {
			isa = PBXSourcesBuildPhase;
			buildActionMask = 2147483647;
			files = (
				D78D07112B86DEEA009F12D4 /* CodableBoundleExtension.swift in Sources */,
				D7E2E1CC2B8993C6002BB3B3 /* HeaderDetailView.swift in Sources */,
				D7E2E1CE2B899512002BB3B3 /* TopPartDetailView.swift in Sources */,
				D78D06F02B86C8F0009F12D4 /* ContentView.swift in Sources */,
				D78D070D2B86D7F0009F12D4 /* LogoView.swift in Sources */,
				D78D07092B86D029009F12D4 /* FooterView.swift in Sources */,
				D78D07132B86E09E009F12D4 /* FeaturedItemView.swift in Sources */,
				D7E2E1C02B898A28002BB3B3 /* ProductItemView.swift in Sources */,
				D7D3B60F2B8AB63300323035 /* AddToCartDetailView.swift in Sources */,
				D7E2E1C62B898FB9002BB3B3 /* BrandGridView.swift in Sources */,
				D7D3B60B2B8AAA7D00323035 /* RatingsSizesDetailView.swift in Sources */,
				D78D06EE2B86C8F0009F12D4 /* TouchdownApp.swift in Sources */,
				D7D3B60D2B8AB3AF00323035 /* QuantityFavouriteDeatilView.swift in Sources */,
				D7E2E1C82B8991BC002BB3B3 /* ProductDetailView.swift in Sources */,
				D7E2E1CA2B8992B6002BB3B3 /* NavigationBarDetailView.swift in Sources */,
				D78D07072B86CEE7009F12D4 /* Constant.swift in Sources */,
				D7E2E1B82B897F5B002BB3B3 /* CategoryGridView.swift in Sources */,
				D7E2E1B42B897BA3002BB3B3 /* CategoryModel.swift in Sources */,
				D78D070B2B86D672009F12D4 /* NavigationBarView.swift in Sources */,
				D7E2E1BA2B898102002BB3B3 /* SectionView.swift in Sources */,
				D7E2E1C42B898EA7002BB3B3 /* BrandItemView.swift in Sources */,
				D7E2E1B62B897D25002BB3B3 /* CategoryItemView.swift in Sources */,
				D78D071E2B86E3A3009F12D4 /* FeaturedTabView.swift in Sources */,
				D7D3B6092B8AA86D00323035 /* CustomShape.swift in Sources */,
				D7D3B6112B8AB95400323035 /* Shop.swift in Sources */,
				D78D070F2B86DEA1009F12D4 /* PlayerModel.swift in Sources */,
				D7E2E1C22B898E4E002BB3B3 /* BrandModel.swift in Sources */,
				D7E2E1BC2B898387002BB3B3 /* TitleView.swift in Sources */,
				D7E2E1BE2B8985D2002BB3B3 /* ProductModel.swift in Sources */,
			);
			runOnlyForDeploymentPostprocessing = 0;
		};
/* End PBXSourcesBuildPhase section */

/* Begin XCBuildConfiguration section */
		D78D06F62B86C8F2009F12D4 /* Debug */ = {
			isa = XCBuildConfiguration;
			buildSettings = {
				ALWAYS_SEARCH_USER_PATHS = NO;
				ASSETCATALOG_COMPILER_GENERATE_SWIFT_ASSET_SYMBOL_EXTENSIONS = YES;
				CLANG_ANALYZER_NONNULL = YES;
				CLANG_ANALYZER_NUMBER_OBJECT_CONVERSION = YES_AGGRESSIVE;
				CLANG_CXX_LANGUAGE_STANDARD = "gnu++20";
				CLANG_ENABLE_MODULES = YES;
				CLANG_ENABLE_OBJC_ARC = YES;
				CLANG_ENABLE_OBJC_WEAK = YES;
				CLANG_WARN_BLOCK_CAPTURE_AUTORELEASING = YES;
				CLANG_WARN_BOOL_CONVERSION = YES;
				CLANG_WARN_COMMA = YES;
				CLANG_WARN_CONSTANT_CONVERSION = YES;
				CLANG_WARN_DEPRECATED_OBJC_IMPLEMENTATIONS = YES;
				CLANG_WARN_DIRECT_OBJC_ISA_USAGE = YES_ERROR;
				CLANG_WARN_DOCUMENTATION_COMMENTS = YES;
				CLANG_WARN_EMPTY_BODY = YES;
				CLANG_WARN_ENUM_CONVERSION = YES;
				CLANG_WARN_INFINITE_RECURSION = YES;
				CLANG_WARN_INT_CONVERSION = YES;
				CLANG_WARN_NON_LITERAL_NULL_CONVERSION = YES;
				CLANG_WARN_OBJC_IMPLICIT_RETAIN_SELF = YES;
				CLANG_WARN_OBJC_LITERAL_CONVERSION = YES;
				CLANG_WARN_OBJC_ROOT_CLASS = YES_ERROR;
				CLANG_WARN_QUOTED_INCLUDE_IN_FRAMEWORK_HEADER = YES;
				CLANG_WARN_RANGE_LOOP_ANALYSIS = YES;
				CLANG_WARN_STRICT_PROTOTYPES = YES;
				CLANG_WARN_SUSPICIOUS_MOVE = YES;
				CLANG_WARN_UNGUARDED_AVAILABILITY = YES_AGGRESSIVE;
				CLANG_WARN_UNREACHABLE_CODE = YES;
				CLANG_WARN__DUPLICATE_METHOD_MATCH = YES;
				COPY_PHASE_STRIP = NO;
				DEBUG_INFORMATION_FORMAT = dwarf;
				ENABLE_STRICT_OBJC_MSGSEND = YES;
				ENABLE_TESTABILITY = YES;
				ENABLE_USER_SCRIPT_SANDBOXING = YES;
				GCC_C_LANGUAGE_STANDARD = gnu17;
				GCC_DYNAMIC_NO_PIC = NO;
				GCC_NO_COMMON_BLOCKS = YES;
				GCC_OPTIMIZATION_LEVEL = 0;
				GCC_PREPROCESSOR_DEFINITIONS = (
					"DEBUG=1",
					"$(inherited)",
				);
				GCC_WARN_64_TO_32_BIT_CONVERSION = YES;
				GCC_WARN_ABOUT_RETURN_TYPE = YES_ERROR;
				GCC_WARN_UNDECLARED_SELECTOR = YES;
				GCC_WARN_UNINITIALIZED_AUTOS = YES_AGGRESSIVE;
				GCC_WARN_UNUSED_FUNCTION = YES;
				GCC_WARN_UNUSED_VARIABLE = YES;
				IPHONEOS_DEPLOYMENT_TARGET = 17.2;
				LOCALIZATION_PREFERS_STRING_CATALOGS = YES;
				MTL_ENABLE_DEBUG_INFO = INCLUDE_SOURCE;
				MTL_FAST_MATH = YES;
				ONLY_ACTIVE_ARCH = YES;
				SDKROOT = iphoneos;
				SWIFT_ACTIVE_COMPILATION_CONDITIONS = "DEBUG $(inherited)";
				SWIFT_OPTIMIZATION_LEVEL = "-Onone";
			};
			name = Debug;
		};
		D78D06F72B86C8F2009F12D4 /* Release */ = {
			isa = XCBuildConfiguration;
			buildSettings = {
				ALWAYS_SEARCH_USER_PATHS = NO;
				ASSETCATALOG_COMPILER_GENERATE_SWIFT_ASSET_SYMBOL_EXTENSIONS = YES;
				CLANG_ANALYZER_NONNULL = YES;
				CLANG_ANALYZER_NUMBER_OBJECT_CONVERSION = YES_AGGRESSIVE;
				CLANG_CXX_LANGUAGE_STANDARD = "gnu++20";
				CLANG_ENABLE_MODULES = YES;
				CLANG_ENABLE_OBJC_ARC = YES;
				CLANG_ENABLE_OBJC_WEAK = YES;
				CLANG_WARN_BLOCK_CAPTURE_AUTORELEASING = YES;
				CLANG_WARN_BOOL_CONVERSION = YES;
				CLANG_WARN_COMMA = YES;
				CLANG_WARN_CONSTANT_CONVERSION = YES;
				CLANG_WARN_DEPRECATED_OBJC_IMPLEMENTATIONS = YES;
				CLANG_WARN_DIRECT_OBJC_ISA_USAGE = YES_ERROR;
				CLANG_WARN_DOCUMENTATION_COMMENTS = YES;
				CLANG_WARN_EMPTY_BODY = YES;
				CLANG_WARN_ENUM_CONVERSION = YES;
				CLANG_WARN_INFINITE_RECURSION = YES;
				CLANG_WARN_INT_CONVERSION = YES;
				CLANG_WARN_NON_LITERAL_NULL_CONVERSION = YES;
				CLANG_WARN_OBJC_IMPLICIT_RETAIN_SELF = YES;
				CLANG_WARN_OBJC_LITERAL_CONVERSION = YES;
				CLANG_WARN_OBJC_ROOT_CLASS = YES_ERROR;
				CLANG_WARN_QUOTED_INCLUDE_IN_FRAMEWORK_HEADER = YES;
				CLANG_WARN_RANGE_LOOP_ANALYSIS = YES;
				CLANG_WARN_STRICT_PROTOTYPES = YES;
				CLANG_WARN_SUSPICIOUS_MOVE = YES;
				CLANG_WARN_UNGUARDED_AVAILABILITY = YES_AGGRESSIVE;
				CLANG_WARN_UNREACHABLE_CODE = YES;
				CLANG_WARN__DUPLICATE_METHOD_MATCH = YES;
				COPY_PHASE_STRIP = NO;
				DEBUG_INFORMATION_FORMAT = "dwarf-with-dsym";
				ENABLE_NS_ASSERTIONS = NO;
				ENABLE_STRICT_OBJC_MSGSEND = YES;
				ENABLE_USER_SCRIPT_SANDBOXING = YES;
				GCC_C_LANGUAGE_STANDARD = gnu17;
				GCC_NO_COMMON_BLOCKS = YES;
				GCC_WARN_64_TO_32_BIT_CONVERSION = YES;
				GCC_WARN_ABOUT_RETURN_TYPE = YES_ERROR;
				GCC_WARN_UNDECLARED_SELECTOR = YES;
				GCC_WARN_UNINITIALIZED_AUTOS = YES_AGGRESSIVE;
				GCC_WARN_UNUSED_FUNCTION = YES;
				GCC_WARN_UNUSED_VARIABLE = YES;
				IPHONEOS_DEPLOYMENT_TARGET = 17.2;
				LOCALIZATION_PREFERS_STRING_CATALOGS = YES;
				MTL_ENABLE_DEBUG_INFO = NO;
				MTL_FAST_MATH = YES;
				SDKROOT = iphoneos;
				SWIFT_COMPILATION_MODE = wholemodule;
				VALIDATE_PRODUCT = YES;
			};
			name = Release;
		};
		D78D06F92B86C8F2009F12D4 /* Debug */ = {
			isa = XCBuildConfiguration;
			buildSettings = {
				ASSETCATALOG_COMPILER_APPICON_NAME = AppIcon;
				ASSETCATALOG_COMPILER_GLOBAL_ACCENT_COLOR_NAME = AccentColor;
				CODE_SIGN_STYLE = Automatic;
				CURRENT_PROJECT_VERSION = 1;
				DEVELOPMENT_ASSET_PATHS = "\"Touchdown/Preview Content\"";
				DEVELOPMENT_TEAM = 4BP297K7GX;
				ENABLE_PREVIEWS = YES;
				GENERATE_INFOPLIST_FILE = YES;
				INFOPLIST_FILE = Touchdown/Info.plist;
				INFOPLIST_KEY_UIApplicationSceneManifest_Generation = YES;
				INFOPLIST_KEY_UIApplicationSupportsIndirectInputEvents = YES;
				INFOPLIST_KEY_UISupportedInterfaceOrientations = UIInterfaceOrientationPortrait;
				INFOPLIST_KEY_UIUserInterfaceStyle = Light;
				LD_RUNPATH_SEARCH_PATHS = (
					"$(inherited)",
					"@executable_path/Frameworks",
				);
				MARKETING_VERSION = 1.0;
				PRODUCT_BUNDLE_IDENTIFIER = eliezer.antonio.Touchdown;
				PRODUCT_NAME = "$(TARGET_NAME)";
				SWIFT_EMIT_LOC_STRINGS = YES;
				SWIFT_VERSION = 5.0;
				TARGETED_DEVICE_FAMILY = "1,2";
			};
			name = Debug;
		};
		D78D06FA2B86C8F2009F12D4 /* Release */ = {
			isa = XCBuildConfiguration;
			buildSettings = {
				ASSETCATALOG_COMPILER_APPICON_NAME = AppIcon;
				ASSETCATALOG_COMPILER_GLOBAL_ACCENT_COLOR_NAME = AccentColor;
				CODE_SIGN_STYLE = Automatic;
				CURRENT_PROJECT_VERSION = 1;
				DEVELOPMENT_ASSET_PATHS = "\"Touchdown/Preview Content\"";
				DEVELOPMENT_TEAM = 4BP297K7GX;
				ENABLE_PREVIEWS = YES;
				GENERATE_INFOPLIST_FILE = YES;
				INFOPLIST_FILE = Touchdown/Info.plist;
				INFOPLIST_KEY_UIApplicationSceneManifest_Generation = YES;
				INFOPLIST_KEY_UIApplicationSupportsIndirectInputEvents = YES;
				INFOPLIST_KEY_UISupportedInterfaceOrientations = UIInterfaceOrientationPortrait;
				INFOPLIST_KEY_UIUserInterfaceStyle = Light;
				LD_RUNPATH_SEARCH_PATHS = (
					"$(inherited)",
					"@executable_path/Frameworks",
				);
				MARKETING_VERSION = 1.0;
				PRODUCT_BUNDLE_IDENTIFIER = eliezer.antonio.Touchdown;
				PRODUCT_NAME = "$(TARGET_NAME)";
				SWIFT_EMIT_LOC_STRINGS = YES;
				SWIFT_VERSION = 5.0;
				TARGETED_DEVICE_FAMILY = "1,2";
			};
			name = Release;
		};
/* End XCBuildConfiguration section */

/* Begin XCConfigurationList section */
		D78D06E52B86C8F0009F12D4 /* Build configuration list for PBXProject "Touchdown" */ = {
			isa = XCConfigurationList;
			buildConfigurations = (
				D78D06F62B86C8F2009F12D4 /* Debug */,
				D78D06F72B86C8F2009F12D4 /* Release */,
			);
			defaultConfigurationIsVisible = 0;
			defaultConfigurationName = Release;
		};
		D78D06F82B86C8F2009F12D4 /* Build configuration list for PBXNativeTarget "Touchdown" */ = {
			isa = XCConfigurationList;
			buildConfigurations = (
				D78D06F92B86C8F2009F12D4 /* Debug */,
				D78D06FA2B86C8F2009F12D4 /* Release */,
			);
			defaultConfigurationIsVisible = 0;
			defaultConfigurationName = Release;
		};
/* End XCConfigurationList section */
	};
	rootObject = D78D06E22B86C8F0009F12D4 /* Project object */;
}
